
Microsoft Visual Studio Solution File, Format Version 12.00
# Visual Studio Version 17
VisualStudioVersion = 17.9.34728.123
MinimumVisualStudioVersion = 10.0.40219.1
Project("{FAE04EC0-301F-11D3-BF4B-00C04F79EFBC}") = "CourtBooking", "CourtBooking\CourtBooking.csproj", "{093CBBEA-CE10-42DA-8735-45CC8B110F25}"
EndProject
Global
	GlobalSection(SolutionConfigurationPlatforms) = preSolution
		Debug|Any CPU = Debug|Any CPU
		Release|Any CPU = Release|Any CPU
	EndGlobalSection
	GlobalSection(ProjectConfigurationPlatforms) = postSolution
		{093CBBEA-CE10-42DA-8735-45CC8B110F25}.Debug|Any CPU.ActiveCfg = Debug|Any CPU
		{093CBBEA-CE10-42DA-8735-45CC8B110F25}.Debug|Any CPU.Build.0 = Debug|Any CPU
		{093CBBEA-CE10-42DA-8735-45CC8B110F25}.Release|Any CPU.ActiveCfg = Release|Any CPU
		{093CBBEA-CE10-42DA-8735-45CC8B110F25}.Release|Any CPU.Build.0 = Release|Any CPU
	EndGlobalSection
	GlobalSection(SolutionProperties) = preSolution
		HideSolutionNode = FALSE
	EndGlobalSection
	GlobalSection(ExtensibilityGlobals) = postSolution
		SolutionGuid = {924E6FBC-8735-47D0-8FEF-379107035AE1}
	EndGlobalSection
EndGlobal
